
Microsoft Visual Studio Solution File, Format Version 12.00
# Visual Studio Version 17
VisualStudioVersion = 17.3.32922.545
MinimumVisualStudioVersion = 10.0.40219.1
Project("{FAE04EC0-301F-11D3-BF4B-00C04F79EFBC}") = "wpf1", "wpf1.csproj", "{0161ACE1-BD9B-40A3-9476-972209C5FF0E}"
EndProject
Global
	GlobalSection(SolutionConfigurationPlatforms) = preSolution
		Debug|Any CPU = Debug|Any CPU
		Release|Any CPU = Release|Any CPU
	EndGlobalSection
	GlobalSection(ProjectConfigurationPlatforms) = postSolution
		{0161ACE1-BD9B-40A3-9476-972209C5FF0E}.Debug|Any CPU.ActiveCfg = Debug|Any CPU
		{0161ACE1-BD9B-40A3-9476-972209C5FF0E}.Debug|Any CPU.Build.0 = Debug|Any CPU
		{0161ACE1-BD9B-40A3-9476-972209C5FF0E}.Release|Any CPU.ActiveCfg = Release|Any CPU
		{0161ACE1-BD9B-40A3-9476-972209C5FF0E}.Release|Any CPU.Build.0 = Release|Any CPU
	EndGlobalSection
	GlobalSection(SolutionProperties) = preSolution
		HideSolutionNode = FALSE
	EndGlobalSection
	GlobalSection(ExtensibilityGlobals) = postSolution
		SolutionGuid = {831D54DF-7ED6-4622-BF6C-25E884EA6621}
	EndGlobalSection
EndGlobal
